
Microsoft Visual Studio Solution File, Format Version 12.00
# Visual Studio Version 17
VisualStudioVersion = 17.0.31919.166
MinimumVisualStudioVersion = 10.0.40219.1
Project("{FAE04EC0-301F-11D3-BF4B-00C04F79EFBC}") = "AlgParadigma", "AlgParadigma\AlgParadigma.csproj", "{D00F823F-133F-46FB-9B65-0E5FCE4ED0D5}"
EndProject
Global
	GlobalSection(SolutionConfigurationPlatforms) = preSolution
		Debug|Any CPU = Debug|Any CPU
		Release|Any CPU = Release|Any CPU
	EndGlobalSection
	GlobalSection(ProjectConfigurationPlatforms) = postSolution
		{D00F823F-133F-46FB-9B65-0E5FCE4ED0D5}.Debug|Any CPU.ActiveCfg = Debug|Any CPU
		{D00F823F-133F-46FB-9B65-0E5FCE4ED0D5}.Debug|Any CPU.Build.0 = Debug|Any CPU
		{D00F823F-133F-46FB-9B65-0E5FCE4ED0D5}.Release|Any CPU.ActiveCfg = Release|Any CPU
		{D00F823F-133F-46FB-9B65-0E5FCE4ED0D5}.Release|Any CPU.Build.0 = Release|Any CPU
	EndGlobalSection
	GlobalSection(SolutionProperties) = preSolution
		HideSolutionNode = FALSE
	EndGlobalSection
	GlobalSection(ExtensibilityGlobals) = postSolution
		SolutionGuid = {CF266F67-3705-412F-A0F1-9D102B93C27F}
	EndGlobalSection
EndGlobal
